// !$*UTF8*$!
{
	archiveVersion = 1;
	classes = {
	};
	objectVersion = 46;
	objects = {

/* Begin PBXBuildFile section */
		983185141F442C1A006F9692 /* AppDelegate.swift in Sources */ = {isa = PBXBuildFile; fileRef = 983185131F442C1A006F9692 /* AppDelegate.swift */; };
		983185161F442C1A006F9692 /* ViewController.swift in Sources */ = {isa = PBXBuildFile; fileRef = 983185151F442C1A006F9692 /* ViewController.swift */; };
		983185191F442C1A006F9692 /* Main.storyboard in Resources */ = {isa = PBXBuildFile; fileRef = 983185171F442C1A006F9692 /* Main.storyboard */; };
		9831851B1F442C1A006F9692 /* Assets.xcassets in Resources */ = {isa = PBXBuildFile; fileRef = 9831851A1F442C1A006F9692 /* Assets.xcassets */; };
		9831851E1F442C1A006F9692 /* LaunchScreen.storyboard in Resources */ = {isa = PBXBuildFile; fileRef = 9831851C1F442C1A006F9692 /* LaunchScreen.storyboard */; };
/* End PBXBuildFile section */

/* Begin PBXFileReference section */
		983185101F442C1A006F9692 /* AlertSample.app */ = {isa = PBXFileReference; explicitFileType = wrapper.application; includeInIndex = 0; path = AlertSample.app; sourceTree = BUILT_PRODUCTS_DIR; };
		983185131F442C1A006F9692 /* AppDelegate.swift */ = {isa = PBXFileReference; lastKnownFileType = sourcecode.swift; path = AppDelegate.swift; sourceTree = "<group>"; };
		983185151F442C1A006F9692 /* ViewController.swift */ = {isa = PBXFileReference; lastKnownFileType = sourcecode.swift; path = ViewController.swift; sourceTree = "<group>"; };
		983185181F442C1A006F9692 /* Base */ = {isa = PBXFileReference; lastKnownFileType = file.storyboard; name = Base; path = Base.lproj/Main.storyboard; sourceTree = "<group>"; };
		9831851A1F442C1A006F9692 /* Assets.xcassets */ = {isa = PBXFileReference; lastKnownFileType = folder.assetcatalog; path = Assets.xcassets; sourceTree = "<group>"; };
		9831851D1F442C1A006F9692 /* Base */ = {isa = PBXFileReference; lastKnownFileType = file.storyboard; name = Base; path = Base.lproj/LaunchScreen.storyboard; sourceTree = "<group>"; };
		9831851F1F442C1A006F9692 /* Info.plist */ = {isa = PBXFileReference; lastKnownFileType = text.plist.xml; path = Info.plist; sourceTree = "<group>"; };
/* End PBXFileReference section */

/* Begin PBXFrameworksBuildPhase section */
		9831850D1F442C1A006F9692 /* Frameworks */ = {
			isa = PBXFrameworksBuildPhase;
			buildActionMask = 2147483647;
			files = (
			);
			runOnlyForDeploymentPostprocessing = 0;
		};
/* End PBXFrameworksBuildPhase section */

/* Begin PBXGroup section */
		983185071F442C1A006F9692 = {
			isa = PBXGroup;
			children = (
				983185121F442C1A006F9692 /* AlertSample */,
				983185111F442C1A006F9692 /* Products */,
			);
			sourceTree = "<group>";
		};
		983185111F442C1A006F9692 /* Products */ = {
			isa = PBXGroup;
			children = (
				983185101F442C1A006F9692 /* AlertSample.app */,
			);
			name = Products;
			sourceTree = "<group>";
		};
		983185121F442C1A006F9692 /* AlertSample */ = {
			isa = PBXGroup;
			children = (
				983185131F442C1A006F9692 /* AppDelegate.swift */,
				983185151F442C1A006F9692 /* ViewController.swift */,
				983185171F442C1A006F9692 /* Main.storyboard */,
				9831851A1F442C1A006F9692 /* Assets.xcassets */,
				9831851C1F442C1A006F9692 /* LaunchScreen.storyboard */,
				9831851F1F442C1A006F9692 /* Info.plist */,
			);
			path = AlertSample;
			sourceTree = "<group>";
		};
/* End PBXGroup section */

/* Begin PBXNativeTarget section */
		9831850F1F442C1A006F9692 /* AlertSample */ = {
			isa = PBXNativeTarget;
			buildConfigurationList = 983185221F442C1A006F9692 /* Build configuration list for PBXNativeTarget "AlertSample" */;
			buildPhases = (
				9831850C1F442C1A006F9692 /* Sources */,
				9831850D1F442C1A006F9692 /* Frameworks */,
				9831850E1F442C1A006F9692 /* Resources */,
			);
			buildRules = (
			);
			dependencies = (
			);
			name = AlertSample;
			productName = AlertSample;
			productReference = 983185101F442C1A006F9692 /* AlertSample.app */;
			productType = "com.apple.product-type.application";
		};
/* End PBXNativeTarget section */

/* Begin PBXProject section */
		983185081F442C1A006F9692 /* Project object */ = {
			isa = PBXProject;
			attributes = {
				LastSwiftUpdateCheck = 0830;
				LastUpgradeCheck = 0830;
				ORGANIZATIONNAME = "CJON, Inc.";
				TargetAttributes = {
					9831850F1F442C1A006F9692 = {
						CreatedOnToolsVersion = 8.3.2;
						DevelopmentTeam = SH2YBQB72H;
						ProvisioningStyle = Automatic;
					};
				};
			};
			buildConfigurationList = 9831850B1F442C1A006F9692 /* Build configuration list for PBXProject "AlertSample" */;
			compatibilityVersion = "Xcode 3.2";
			developmentRegion = English;
			hasScannedForEncodings = 0;
			knownRegions = (
				en,
				Base,
			);
			mainGroup = 983185071F442C1A006F9692;
			productRefGroup = 983185111F442C1A006F9692 /* Products */;
			projectDirPath = "";
			projectRoot = "";
			targets = (
				9831850F1F442C1A006F9692 /* AlertSample */,
			);
		};
/* End PBXProject section */

/* Begin PBXResourcesBuildPhase section */
		9831850E1F442C1A006F9692 /* Resources */ = {
			isa = PBXResourcesBuildPhase;
			buildActionMask = 2147483647;
			files = (
				9831851E1F442C1A006F9692 /* LaunchScreen.storyboard in Resources */,
				9831851B1F442C1A006F9692 /* Assets.xcassets in Resources */,
				983185191F442C1A006F9692 /* Main.storyboard in Resources */,
			);
			runOnlyForDeploymentPostprocessing = 0;
		};
/* End PBXResourcesBuildPhase section */

/* Begin PBXSourcesBuildPhase section */
		9831850C1F442C1A006F9692 /* Sources */ = {
			isa = PBXSourcesBuildPhase;
			buildActionMask = 2147483647;
			files = (
				983185161F442C1A006F9692 /* ViewController.swift in Sources */,
				983185141F442C1A006F9692 /* AppDelegate.swift in Sources */,
			);
			runOnlyForDeploymentPostprocessing = 0;
		};
/* End PBXSourcesBuildPhase section */

/* Begin PBXVariantGroup section */
		983185171F442C1A006F9692 /* Main.storyboard */ = {
			isa = PBXVariantGroup;
			children = (
				983185181F442C1A006F9692 /* Base */,
			);
			name = Main.storyboard;
			sourceTree = "<group>";
		};
		9831851C1F442C1A006F9692 /* LaunchScreen.storyboard */ = {
			isa = PBXVariantGroup;
			children = (
				9831851D1F442C1A006F9692 /* Base */,
			);
			name = LaunchScreen.storyboard;
			sourceTree = "<group>";
		};
/* End PBXVariantGroup section */

/* Begin XCBuildConfiguration section */
		983185201F442C1A006F9692 /* Debug */ = {
			isa = XCBuildConfiguration;
			buildSettings = {
				ALWAYS_SEARCH_USER_PATHS = NO;
				CLANG_ANALYZER_NONNULL = YES;
				CLANG_ANALYZER_NUMBER_OBJECT_CONVERSION = YES_AGGRESSIVE;
				CLANG_CXX_LANGUAGE_STANDARD = "gnu++0x";
				CLANG_CXX_LIBRARY = "libc++";
				CLANG_ENABLE_MODULES = YES;
				CLANG_ENABLE_OBJC_ARC = YES;
				CLANG_WARN_BOOL_CONVERSION = YES;
				CLANG_WARN_CONSTANT_CONVERSION = YES;
				CLANG_WARN_DIRECT_OBJC_ISA_USAGE = YES_ERROR;
				CLANG_WARN_DOCUMENTATION_COMMENTS = YES;
				CLANG_WARN_EMPTY_BODY = YES;
				CLANG_WARN_ENUM_CONVERSION = YES;
				CLANG_WARN_INFINITE_RECURSION = YES;
				CLANG_WARN_INT_CONVERSION = YES;
				CLANG_WARN_OBJC_ROOT_CLASS = YES_ERROR;
				CLANG_WARN_SUSPICIOUS_MOVE = YES;
				CLANG_WARN_UNREACHABLE_CODE = YES;
				CLANG_WARN__DUPLICATE_METHOD_MATCH = YES;
				"CODE_SIGN_IDENTITY[sdk=iphoneos*]" = "iPhone Developer";
				COPY_PHASE_STRIP = NO;
				DEBUG_INFORMATION_FORMAT = dwarf;
				ENABLE_STRICT_OBJC_MSGSEND = YES;
				ENABLE_TESTABILITY = YES;
				GCC_C_LANGUAGE_STANDARD = gnu99;
				GCC_DYNAMIC_NO_PIC = NO;
				GCC_NO_COMMON_BLOCKS = YES;
				GCC_OPTIMIZATION_LEVEL = 0;
				GCC_PREPROCESSOR_DEFINITIONS = (
					"DEBUG=1",
					"$(inherited)",
				);
				GCC_WARN_64_TO_32_BIT_CONVERSION = YES;
				GCC_WARN_ABOUT_RETURN_TYPE = YES_ERROR;
				GCC_WARN_UNDECLARED_SELECTOR = YES;
				GCC_WARN_UNINITIALIZED_AUTOS = YES_AGGRESSIVE;
				GCC_WARN_UNUSED_FUNCTION = YES;
				GCC_WARN_UNUSED_VARIABLE = YES;
				IPHONEOS_DEPLOYMENT_TARGET = 10.3;
				MTL_ENABLE_DEBUG_INFO = YES;
				ONLY_ACTIVE_ARCH = YES;
				SDKROOT = iphoneos;
				SWIFT_ACTIVE_COMPILATION_CONDITIONS = DEBUG;
				SWIFT_OPTIMIZATION_LEVEL = "-Onone";
				TARGETED_DEVICE_FAMILY = "1,2";
			};
			name = Debug;
		};
		983185211F442C1A006F9692 /* Release */ = {
			isa = XCBuildConfiguration;
			buildSettings = {
				ALWAYS_SEARCH_USER_PATHS = NO;
				CLANG_ANALYZER_NONNULL = YES;
				CLANG_ANALYZER_NUMBER_OBJECT_CONVERSION = YES_AGGRESSIVE;
				CLANG_CXX_LANGUAGE_STANDARD = "gnu++0x";
				CLANG_CXX_LIBRARY = "libc++";
				CLANG_ENABLE_MODULES = YES;
				CLANG_ENABLE_OBJC_ARC = YES;
				CLANG_WARN_BOOL_CONVERSION = YES;
				CLANG_WARN_CONSTANT_CONVERSION = YES;
				CLANG_WARN_DIRECT_OBJC_ISA_USAGE = YES_ERROR;
				CLANG_WARN_DOCUMENTATION_COMMENTS = YES;
				CLANG_WARN_EMPTY_BODY = YES;
				CLANG_WARN_ENUM_CONVERSION = YES;
				CLANG_WARN_INFINITE_RECURSION = YES;
				CLANG_WARN_INT_CONVERSION = YES;
				CLANG_WARN_OBJC_ROOT_CLASS = YES_ERROR;
				CLANG_WARN_SUSPICIOUS_MOVE = YES;
				CLANG_WARN_UNREACHABLE_CODE = YES;
				CLANG_WARN__DUPLICATE_METHOD_MATCH = YES;
				"CODE_SIGN_IDENTITY[sdk=iphoneos*]" = "iPhone Developer";
				COPY_PHASE_STRIP = NO;
				DEBUG_INFORMATION_FORMAT = "dwarf-with-dsym";
				ENABLE_NS_ASSERTIONS = NO;
				ENABLE_STRICT_OBJC_MSGSEND = YES;
				GCC_C_LANGUAGE_STANDARD = gnu99;
				GCC_NO_COMMON_BLOCKS = YES;
				GCC_WARN_64_TO_32_BIT_CONVERSION = YES;
				GCC_WARN_ABOUT_RETURN_TYPE = YES_ERROR;
				GCC_WARN_UNDECLARED_SELECTOR = YES;
				GCC_WARN_UNINITIALIZED_AUTOS = YES_AGGRESSIVE;
				GCC_WARN_UNUSED_FUNCTION = YES;
				GCC_WARN_UNUSED_VARIABLE = YES;
				IPHONEOS_DEPLOYMENT_TARGET = 10.3;
				MTL_ENABLE_DEBUG_INFO = NO;
				SDKROOT = iphoneos;
				SWIFT_OPTIMIZATION_LEVEL = "-Owholemodule";
				TARGETED_DEVICE_FAMILY = "1,2";
				VALIDATE_PRODUCT = YES;
			};
			name = Release;
		};
		983185231F442C1A006F9692 /* Debug */ = {
			isa = XCBuildConfiguration;
			buildSettings = {
				ASSETCATALOG_COMPILER_APPICON_NAME = AppIcon;
				DEVELOPMENT_TEAM = SH2YBQB72H;
				INFOPLIST_FILE = AlertSample/Info.plist;
				LD_RUNPATH_SEARCH_PATHS = "$(inherited) @executable_path/Frameworks";
				PRODUCT_BUNDLE_IDENTIFIER = com.cjon.AlertSample;
				PRODUCT_NAME = "$(TARGET_NAME)";
				SWIFT_VERSION = 3.0;
			};
			name = Debug;
		};
		983185241F442C1A006F9692 /* Release */ = {
			isa = XCBuildConfiguration;
			buildSettings = {
				ASSETCATALOG_COMPILER_APPICON_NAME = AppIcon;
				DEVELOPMENT_TEAM = SH2YBQB72H;
				INFOPLIST_FILE = AlertSample/Info.plist;
				LD_RUNPATH_SEARCH_PATHS = "$(inherited) @executable_path/Frameworks";
				PRODUCT_BUNDLE_IDENTIFIER = com.cjon.AlertSample;
				PRODUCT_NAME = "$(TARGET_NAME)";
				SWIFT_VERSION = 3.0;
			};
			name = Release;
		};
/* End XCBuildConfiguration section */

/* Begin XCConfigurationList section */
		9831850B1F442C1A006F9692 /* Build configuration list for PBXProject "AlertSample" */ = {
			isa = XCConfigurationList;
			buildConfigurations = (
				983185201F442C1A006F9692 /* Debug */,
				983185211F442C1A006F9692 /* Release */,
			);
			defaultConfigurationIsVisible = 0;
			defaultConfigurationName = Release;
		};
		983185221F442C1A006F9692 /* Build configuration list for PBXNativeTarget "AlertSample" */ = {
			isa = XCConfigurationList;
			buildConfigurations = (
				983185231F442C1A006F9692 /* Debug */,
				983185241F442C1A006F9692 /* Release */,
			);
			defaultConfigurationIsVisible = 0;
		};
/* End XCConfigurationList section */
	};
	rootObject = 983185081F442C1A006F9692 /* Project object */;
}
